github.com/ApesPlan/prefixtree-OpenCC v0.0.1 h1:IUkCLgeeR4KthhTVyvebFhTtAL/2AFWaELLPxgdrIp4=
github.com/ApesPlan/prefixtree-OpenCC v0.0.1/go.mod h1:SiIhatLsC76OcNp+8FWyte/UJVSlQOfSyGP/A67Thz0=
github.com/ApesPlan/prefixtree-core v0.0.0-20200724072454-be92dad4a8df h1:DQezQoeXUVrwqRyzb7HTpY/do7sPWRVVzVYaeDBDEPw=
github.com/ApesPlan/prefixtree-core v0.0.0-20200724072454-be92dad4a8df/go.mod h1:VRdzaC6I1RuPNF2EQl/dnXx19SXmZsnfc/Qv4cBNMUU=
